// !$*UTF8*$!
{
	archiveVersion = 1;
	classes = {
	};
	objectVersion = 56;
	objects = {

/* Begin PBXBuildFile section */
		523EC4B02B0B993C00F60639 /* SetUpView.swift in Sources */ = {isa = PBXBuildFile; fileRef = 523EC4AF2B0B993C00F60639 /* SetUpView.swift */; };
		523EC4B22B0B994F00F60639 /* Profile.Model.swift in Sources */ = {isa = PBXBuildFile; fileRef = 523EC4B12B0B994F00F60639 /* Profile.Model.swift */; };
		524042282B08F658006844D9 /* SkinCare.swift in Sources */ = {isa = PBXBuildFile; fileRef = 524042272B08F658006844D9 /* SkinCare.swift */; };
		5240422A2B08F66C006844D9 /* SkinCareCategory.swift in Sources */ = {isa = PBXBuildFile; fileRef = 524042292B08F66C006844D9 /* SkinCareCategory.swift */; };
		5240422D2B0A36DE006844D9 /* CategoryAdd.View.swift in Sources */ = {isa = PBXBuildFile; fileRef = 5240422C2B0A36DE006844D9 /* CategoryAdd.View.swift */; };
		529A059F2B398A19002FCF71 /* PicList.ServiceModels.swift in Sources */ = {isa = PBXBuildFile; fileRef = 529A059E2B398A19002FCF71 /* PicList.ServiceModels.swift */; };
		529C47B72B3AF5FD00DCDDEA /* PicListDetails.View.swift in Sources */ = {isa = PBXBuildFile; fileRef = 529C47B62B3AF5FD00DCDDEA /* PicListDetails.View.swift */; };
		529C47B92B3B077A00DCDDEA /* PicList.HelperViews.swift in Sources */ = {isa = PBXBuildFile; fileRef = 529C47B82B3B077A00DCDDEA /* PicList.HelperViews.swift */; };
		529C47BB2B3B08C700DCDDEA /* PicListTest.swift in Sources */ = {isa = PBXBuildFile; fileRef = 529C47BA2B3B08C700DCDDEA /* PicListTest.swift */; };
		529C47BD2B3B094600DCDDEA /* PicListBuilderMock.swift in Sources */ = {isa = PBXBuildFile; fileRef = 529C47BC2B3B094600DCDDEA /* PicListBuilderMock.swift */; };
		52A849FC2B06168600E0E84A /* CategoryList.View.swift in Sources */ = {isa = PBXBuildFile; fileRef = 52A849FB2B06168600E0E84A /* CategoryList.View.swift */; };
		52A849FE2B0616AF00E0E84A /* CategoryList.swift in Sources */ = {isa = PBXBuildFile; fileRef = 52A849FD2B0616AF00E0E84A /* CategoryList.swift */; };
		52A84A002B0619BC00E0E84A /* CategoryList.Builder.swift in Sources */ = {isa = PBXBuildFile; fileRef = 52A849FF2B0619BC00E0E84A /* CategoryList.Builder.swift */; };
		52A84A0F2B065C2600E0E84A /* Components in Frameworks */ = {isa = PBXBuildFile; productRef = 52A84A0E2B065C2600E0E84A /* Components */; };
		52A84A112B065C2800E0E84A /* NetworkLayer in Frameworks */ = {isa = PBXBuildFile; productRef = 52A84A102B065C2800E0E84A /* NetworkLayer */; };
		52AB0E352B35879900C8FC2C /* PicList.View.swift in Sources */ = {isa = PBXBuildFile; fileRef = 52AB0E342B35879900C8FC2C /* PicList.View.swift */; };
		52AB0E372B3587A300C8FC2C /* PicList.swift in Sources */ = {isa = PBXBuildFile; fileRef = 52AB0E362B3587A300C8FC2C /* PicList.swift */; };
		52AB0E392B3587AB00C8FC2C /* PicList.Builder.swift in Sources */ = {isa = PBXBuildFile; fileRef = 52AB0E382B3587AB00C8FC2C /* PicList.Builder.swift */; };
		52F784722B04F60400DCF126 /* TestSwiftDataApp.swift in Sources */ = {isa = PBXBuildFile; fileRef = 52F784712B04F60400DCF126 /* TestSwiftDataApp.swift */; };
		52F784742B04F60400DCF126 /* ContentView.swift in Sources */ = {isa = PBXBuildFile; fileRef = 52F784732B04F60400DCF126 /* ContentView.swift */; };
		52F784762B04F60500DCF126 /* Assets.xcassets in Resources */ = {isa = PBXBuildFile; fileRef = 52F784752B04F60500DCF126 /* Assets.xcassets */; };
		52F784792B04F60500DCF126 /* Preview Assets.xcassets in Resources */ = {isa = PBXBuildFile; fileRef = 52F784782B04F60500DCF126 /* Preview Assets.xcassets */; };
		52F7848D2B04F60500DCF126 /* TestSwiftDataUITests.swift in Sources */ = {isa = PBXBuildFile; fileRef = 52F7848C2B04F60500DCF126 /* TestSwiftDataUITests.swift */; };
		52F7848F2B04F60500DCF126 /* TestSwiftDataUITestsLaunchTests.swift in Sources */ = {isa = PBXBuildFile; fileRef = 52F7848E2B04F60500DCF126 /* TestSwiftDataUITestsLaunchTests.swift */; };
/* End PBXBuildFile section */

/* Begin PBXContainerItemProxy section */
		52F7847F2B04F60500DCF126 /* PBXContainerItemProxy */ = {
			isa = PBXContainerItemProxy;
			containerPortal = 52F784662B04F60400DCF126 /* Project object */;
			proxyType = 1;
			remoteGlobalIDString = 52F7846D2B04F60400DCF126;
			remoteInfo = TestSwiftData;
		};
		52F784892B04F60500DCF126 /* PBXContainerItemProxy */ = {
			isa = PBXContainerItemProxy;
			containerPortal = 52F784662B04F60400DCF126 /* Project object */;
			proxyType = 1;
			remoteGlobalIDString = 52F7846D2B04F60400DCF126;
			remoteInfo = TestSwiftData;
		};
/* End PBXContainerItemProxy section */

/* Begin PBXFileReference section */
		523EC4AF2B0B993C00F60639 /* SetUpView.swift */ = {isa = PBXFileReference; lastKnownFileType = sourcecode.swift; path = SetUpView.swift; sourceTree = "<group>"; };
		523EC4B12B0B994F00F60639 /* Profile.Model.swift */ = {isa = PBXFileReference; lastKnownFileType = sourcecode.swift; path = Profile.Model.swift; sourceTree = "<group>"; };
		524042272B08F658006844D9 /* SkinCare.swift */ = {isa = PBXFileReference; lastKnownFileType = sourcecode.swift; path = SkinCare.swift; sourceTree = "<group>"; };
		524042292B08F66C006844D9 /* SkinCareCategory.swift */ = {isa = PBXFileReference; lastKnownFileType = sourcecode.swift; path = SkinCareCategory.swift; sourceTree = "<group>"; };
		5240422C2B0A36DE006844D9 /* CategoryAdd.View.swift */ = {isa = PBXFileReference; lastKnownFileType = sourcecode.swift; path = CategoryAdd.View.swift; sourceTree = "<group>"; };
		529A059E2B398A19002FCF71 /* PicList.ServiceModels.swift */ = {isa = PBXFileReference; lastKnownFileType = sourcecode.swift; path = PicList.ServiceModels.swift; sourceTree = "<group>"; };
		529C47B62B3AF5FD00DCDDEA /* PicListDetails.View.swift */ = {isa = PBXFileReference; lastKnownFileType = sourcecode.swift; path = PicListDetails.View.swift; sourceTree = "<group>"; };
		529C47B82B3B077A00DCDDEA /* PicList.HelperViews.swift */ = {isa = PBXFileReference; lastKnownFileType = sourcecode.swift; path = PicList.HelperViews.swift; sourceTree = "<group>"; };
		529C47BA2B3B08C700DCDDEA /* PicListTest.swift */ = {isa = PBXFileReference; lastKnownFileType = sourcecode.swift; path = PicListTest.swift; sourceTree = "<group>"; };
		529C47BC2B3B094600DCDDEA /* PicListBuilderMock.swift */ = {isa = PBXFileReference; lastKnownFileType = sourcecode.swift; path = PicListBuilderMock.swift; sourceTree = "<group>"; };
		52A849FB2B06168600E0E84A /* CategoryList.View.swift */ = {isa = PBXFileReference; lastKnownFileType = sourcecode.swift; path = CategoryList.View.swift; sourceTree = "<group>"; };
		52A849FD2B0616AF00E0E84A /* CategoryList.swift */ = {isa = PBXFileReference; lastKnownFileType = sourcecode.swift; path = CategoryList.swift; sourceTree = "<group>"; };
		52A849FF2B0619BC00E0E84A /* CategoryList.Builder.swift */ = {isa = PBXFileReference; lastKnownFileType = sourcecode.swift; path = CategoryList.Builder.swift; sourceTree = "<group>"; };
		52A84A0C2B065AE800E0E84A /* NetworkLayer */ = {isa = PBXFileReference; lastKnownFileType = wrapper; path = NetworkLayer; sourceTree = "<group>"; };
		52A84A0D2B065B0600E0E84A /* Components */ = {isa = PBXFileReference; lastKnownFileType = wrapper; path = Components; sourceTree = "<group>"; };
		52AB0E342B35879900C8FC2C /* PicList.View.swift */ = {isa = PBXFileReference; lastKnownFileType = sourcecode.swift; path = PicList.View.swift; sourceTree = "<group>"; };
		52AB0E362B3587A300C8FC2C /* PicList.swift */ = {isa = PBXFileReference; lastKnownFileType = sourcecode.swift; path = PicList.swift; sourceTree = "<group>"; };
		52AB0E382B3587AB00C8FC2C /* PicList.Builder.swift */ = {isa = PBXFileReference; lastKnownFileType = sourcecode.swift; path = PicList.Builder.swift; sourceTree = "<group>"; };
		52F7846E2B04F60400DCF126 /* TestSwiftData.app */ = {isa = PBXFileReference; explicitFileType = wrapper.application; includeInIndex = 0; path = TestSwiftData.app; sourceTree = BUILT_PRODUCTS_DIR; };
		52F784712B04F60400DCF126 /* TestSwiftDataApp.swift */ = {isa = PBXFileReference; lastKnownFileType = sourcecode.swift; path = TestSwiftDataApp.swift; sourceTree = "<group>"; };
		52F784732B04F60400DCF126 /* ContentView.swift */ = {isa = PBXFileReference; lastKnownFileType = sourcecode.swift; path = ContentView.swift; sourceTree = "<group>"; };
		52F784752B04F60500DCF126 /* Assets.xcassets */ = {isa = PBXFileReference; lastKnownFileType = folder.assetcatalog; path = Assets.xcassets; sourceTree = "<group>"; };
		52F784782B04F60500DCF126 /* Preview Assets.xcassets */ = {isa = PBXFileReference; lastKnownFileType = folder.assetcatalog; path = "Preview Assets.xcassets"; sourceTree = "<group>"; };
		52F7847E2B04F60500DCF126 /* TestSwiftDataTests.xctest */ = {isa = PBXFileReference; explicitFileType = wrapper.cfbundle; includeInIndex = 0; path = TestSwiftDataTests.xctest; sourceTree = BUILT_PRODUCTS_DIR; };
		52F784882B04F60500DCF126 /* TestSwiftDataUITests.xctest */ = {isa = PBXFileReference; explicitFileType = wrapper.cfbundle; includeInIndex = 0; path = TestSwiftDataUITests.xctest; sourceTree = BUILT_PRODUCTS_DIR; };
		52F7848C2B04F60500DCF126 /* TestSwiftDataUITests.swift */ = {isa = PBXFileReference; lastKnownFileType = sourcecode.swift; path = TestSwiftDataUITests.swift; sourceTree = "<group>"; };
		52F7848E2B04F60500DCF126 /* TestSwiftDataUITestsLaunchTests.swift */ = {isa = PBXFileReference; lastKnownFileType = sourcecode.swift; path = TestSwiftDataUITestsLaunchTests.swift; sourceTree = "<group>"; };
/* End PBXFileReference section */

/* Begin PBXFrameworksBuildPhase section */
		52F7846B2B04F60400DCF126 /* Frameworks */ = {
			isa = PBXFrameworksBuildPhase;
			buildActionMask = 2147483647;
			files = (
				52A84A0F2B065C2600E0E84A /* Components in Frameworks */,
				52A84A112B065C2800E0E84A /* NetworkLayer in Frameworks */,
			);
			runOnlyForDeploymentPostprocessing = 0;
		};
		52F7847B2B04F60500DCF126 /* Frameworks */ = {
			isa = PBXFrameworksBuildPhase;
			buildActionMask = 2147483647;
			files = (
			);
			runOnlyForDeploymentPostprocessing = 0;
		};
		52F784852B04F60500DCF126 /* Frameworks */ = {
			isa = PBXFrameworksBuildPhase;
			buildActionMask = 2147483647;
			files = (
			);
			runOnlyForDeploymentPostprocessing = 0;
		};
/* End PBXFrameworksBuildPhase section */

/* Begin PBXGroup section */
		523EC4AE2B0B991B00F60639 /* SetUp */ = {
			isa = PBXGroup;
			children = (
				523EC4AF2B0B993C00F60639 /* SetUpView.swift */,
				523EC4B12B0B994F00F60639 /* Profile.Model.swift */,
			);
			path = SetUp;
			sourceTree = "<group>";
		};
		524042262B08F629006844D9 /* SkinCareModel */ = {
			isa = PBXGroup;
			children = (
				524042272B08F658006844D9 /* SkinCare.swift */,
				524042292B08F66C006844D9 /* SkinCareCategory.swift */,
			);
			path = SkinCareModel;
			sourceTree = "<group>";
		};
		5240422B2B0A36C6006844D9 /* CategoryAdd */ = {
			isa = PBXGroup;
			children = (
				5240422C2B0A36DE006844D9 /* CategoryAdd.View.swift */,
			);
			path = CategoryAdd;
			sourceTree = "<group>";
		};
		529C47B52B3AF5EC00DCDDEA /* PicListDetails */ = {
			isa = PBXGroup;
			children = (
				529C47B62B3AF5FD00DCDDEA /* PicListDetails.View.swift */,
			);
			path = PicListDetails;
			sourceTree = "<group>";
		};
		529C47BF2B3C392C00DCDDEA /* PicListTest */ = {
			isa = PBXGroup;
			children = (
				529C47BA2B3B08C700DCDDEA /* PicListTest.swift */,
				529C47BC2B3B094600DCDDEA /* PicListBuilderMock.swift */,
			);
			path = PicListTest;
			sourceTree = "<group>";
		};
		52A849FA2B06160600E0E84A /* CtegoryList */ = {
			isa = PBXGroup;
			children = (
				524042262B08F629006844D9 /* SkinCareModel */,
				52A849FB2B06168600E0E84A /* CategoryList.View.swift */,
				52A849FD2B0616AF00E0E84A /* CategoryList.swift */,
				52A849FF2B0619BC00E0E84A /* CategoryList.Builder.swift */,
			);
			path = CtegoryList;
			sourceTree = "<group>";
		};
		52A84A012B06562000E0E84A /* Frameworks */ = {
			isa = PBXGroup;
			children = (
			);
			name = Frameworks;
			sourceTree = "<group>";
		};
		52AB0E332B35878300C8FC2C /* PicList */ = {
			isa = PBXGroup;
			children = (
				52AB0E342B35879900C8FC2C /* PicList.View.swift */,
				52AB0E362B3587A300C8FC2C /* PicList.swift */,
				52AB0E382B3587AB00C8FC2C /* PicList.Builder.swift */,
				529A059E2B398A19002FCF71 /* PicList.ServiceModels.swift */,
				529C47B82B3B077A00DCDDEA /* PicList.HelperViews.swift */,
			);
			path = PicList;
			sourceTree = "<group>";
		};
		52F784652B04F60400DCF126 = {
			isa = PBXGroup;
			children = (
				52A84A0D2B065B0600E0E84A /* Components */,
				52A84A0C2B065AE800E0E84A /* NetworkLayer */,
				52F784702B04F60400DCF126 /* TestSwiftData */,
				52F784812B04F60500DCF126 /* TestSwiftDataTests */,
				52F7848B2B04F60500DCF126 /* TestSwiftDataUITests */,
				52F7846F2B04F60400DCF126 /* Products */,
				52A84A012B06562000E0E84A /* Frameworks */,
			);
			sourceTree = "<group>";
		};
		52F7846F2B04F60400DCF126 /* Products */ = {
			isa = PBXGroup;
			children = (
				52F7846E2B04F60400DCF126 /* TestSwiftData.app */,
				52F7847E2B04F60500DCF126 /* TestSwiftDataTests.xctest */,
				52F784882B04F60500DCF126 /* TestSwiftDataUITests.xctest */,
			);
			name = Products;
			sourceTree = "<group>";
		};
		52F784702B04F60400DCF126 /* TestSwiftData */ = {
			isa = PBXGroup;
			children = (
				529C47B52B3AF5EC00DCDDEA /* PicListDetails */,
				52AB0E332B35878300C8FC2C /* PicList */,
				523EC4AE2B0B991B00F60639 /* SetUp */,
				5240422B2B0A36C6006844D9 /* CategoryAdd */,
				52A849FA2B06160600E0E84A /* CtegoryList */,
				52F784712B04F60400DCF126 /* TestSwiftDataApp.swift */,
				52F784732B04F60400DCF126 /* ContentView.swift */,
				52F784752B04F60500DCF126 /* Assets.xcassets */,
				52F784772B04F60500DCF126 /* Preview Content */,
			);
			path = TestSwiftData;
			sourceTree = "<group>";
		};
		52F784772B04F60500DCF126 /* Preview Content */ = {
			isa = PBXGroup;
			children = (
				52F784782B04F60500DCF126 /* Preview Assets.xcassets */,
			);
			path = "Preview Content";
			sourceTree = "<group>";
		};
		52F784812B04F60500DCF126 /* TestSwiftDataTests */ = {
			isa = PBXGroup;
			children = (
				529C47BF2B3C392C00DCDDEA /* PicListTest */,
			);
			path = TestSwiftDataTests;
			sourceTree = "<group>";
		};
		52F7848B2B04F60500DCF126 /* TestSwiftDataUITests */ = {
			isa = PBXGroup;
			children = (
				52F7848C2B04F60500DCF126 /* TestSwiftDataUITests.swift */,
				52F7848E2B04F60500DCF126 /* TestSwiftDataUITestsLaunchTests.swift */,
			);
			path = TestSwiftDataUITests;
			sourceTree = "<group>";
		};
/* End PBXGroup section */

/* Begin PBXNativeTarget section */
		52F7846D2B04F60400DCF126 /* TestSwiftData */ = {
			isa = PBXNativeTarget;
			buildConfigurationList = 52F784922B04F60500DCF126 /* Build configuration list for PBXNativeTarget "TestSwiftData" */;
			buildPhases = (
				52F7846A2B04F60400DCF126 /* Sources */,
				52F7846B2B04F60400DCF126 /* Frameworks */,
				52F7846C2B04F60400DCF126 /* Resources */,
			);
			buildRules = (
			);
			dependencies = (
			);
			name = TestSwiftData;
			packageProductDependencies = (
				52A84A0E2B065C2600E0E84A /* Components */,
				52A84A102B065C2800E0E84A /* NetworkLayer */,
			);
			productName = TestSwiftData;
			productReference = 52F7846E2B04F60400DCF126 /* TestSwiftData.app */;
			productType = "com.apple.product-type.application";
		};
		52F7847D2B04F60500DCF126 /* TestSwiftDataTests */ = {
			isa = PBXNativeTarget;
			buildConfigurationList = 52F784952B04F60500DCF126 /* Build configuration list for PBXNativeTarget "TestSwiftDataTests" */;
			buildPhases = (
				52F7847A2B04F60500DCF126 /* Sources */,
				52F7847B2B04F60500DCF126 /* Frameworks */,
				52F7847C2B04F60500DCF126 /* Resources */,
			);
			buildRules = (
			);
			dependencies = (
				52F784802B04F60500DCF126 /* PBXTargetDependency */,
			);
			name = TestSwiftDataTests;
			productName = TestSwiftDataTests;
			productReference = 52F7847E2B04F60500DCF126 /* TestSwiftDataTests.xctest */;
			productType = "com.apple.product-type.bundle.unit-test";
		};
		52F784872B04F60500DCF126 /* TestSwiftDataUITests */ = {
			isa = PBXNativeTarget;
			buildConfigurationList = 52F784982B04F60500DCF126 /* Build configuration list for PBXNativeTarget "TestSwiftDataUITests" */;
			buildPhases = (
				52F784842B04F60500DCF126 /* Sources */,
				52F784852B04F60500DCF126 /* Frameworks */,
				52F784862B04F60500DCF126 /* Resources */,
			);
			buildRules = (
			);
			dependencies = (
				52F7848A2B04F60500DCF126 /* PBXTargetDependency */,
			);
			name = TestSwiftDataUITests;
			productName = TestSwiftDataUITests;
			productReference = 52F784882B04F60500DCF126 /* TestSwiftDataUITests.xctest */;
			productType = "com.apple.product-type.bundle.ui-testing";
		};
/* End PBXNativeTarget section */

/* Begin PBXProject section */
		52F784662B04F60400DCF126 /* Project object */ = {
			isa = PBXProject;
			attributes = {
				BuildIndependentTargetsInParallel = 1;
				LastSwiftUpdateCheck = 1500;
				LastUpgradeCheck = 1500;
				TargetAttributes = {
					52F7846D2B04F60400DCF126 = {
						CreatedOnToolsVersion = 15.0.1;
					};
					52F7847D2B04F60500DCF126 = {
						CreatedOnToolsVersion = 15.0.1;
						TestTargetID = 52F7846D2B04F60400DCF126;
					};
					52F784872B04F60500DCF126 = {
						CreatedOnToolsVersion = 15.0.1;
						TestTargetID = 52F7846D2B04F60400DCF126;
					};
				};
			};
			buildConfigurationList = 52F784692B04F60400DCF126 /* Build configuration list for PBXProject "TestSwiftData" */;
			compatibilityVersion = "Xcode 14.0";
			developmentRegion = en;
			hasScannedForEncodings = 0;
			knownRegions = (
				en,
				Base,
			);
			mainGroup = 52F784652B04F60400DCF126;
			packageReferences = (
			);
			productRefGroup = 52F7846F2B04F60400DCF126 /* Products */;
			projectDirPath = "";
			projectRoot = "";
			targets = (
				52F7846D2B04F60400DCF126 /* TestSwiftData */,
				52F7847D2B04F60500DCF126 /* TestSwiftDataTests */,
				52F784872B04F60500DCF126 /* TestSwiftDataUITests */,
			);
		};
/* End PBXProject section */

/* Begin PBXResourcesBuildPhase section */
		52F7846C2B04F60400DCF126 /* Resources */ = {
			isa = PBXResourcesBuildPhase;
			buildActionMask = 2147483647;
			files = (
				52F784792B04F60500DCF126 /* Preview Assets.xcassets in Resources */,
				52F784762B04F60500DCF126 /* Assets.xcassets in Resources */,
			);
			runOnlyForDeploymentPostprocessing = 0;
		};
		52F7847C2B04F60500DCF126 /* Resources */ = {
			isa = PBXResourcesBuildPhase;
			buildActionMask = 2147483647;
			files = (
			);
			runOnlyForDeploymentPostprocessing = 0;
		};
		52F784862B04F60500DCF126 /* Resources */ = {
			isa = PBXResourcesBuildPhase;
			buildActionMask = 2147483647;
			files = (
			);
			runOnlyForDeploymentPostprocessing = 0;
		};
/* End PBXResourcesBuildPhase section */

/* Begin PBXSourcesBuildPhase section */
		52F7846A2B04F60400DCF126 /* Sources */ = {
			isa = PBXSourcesBuildPhase;
			buildActionMask = 2147483647;
			files = (
				52AB0E372B3587A300C8FC2C /* PicList.swift in Sources */,
				523EC4B02B0B993C00F60639 /* SetUpView.swift in Sources */,
				52A849FC2B06168600E0E84A /* CategoryList.View.swift in Sources */,
				5240422D2B0A36DE006844D9 /* CategoryAdd.View.swift in Sources */,
				52F784742B04F60400DCF126 /* ContentView.swift in Sources */,
				52AB0E352B35879900C8FC2C /* PicList.View.swift in Sources */,
				529C47B72B3AF5FD00DCDDEA /* PicListDetails.View.swift in Sources */,
				52F784722B04F60400DCF126 /* TestSwiftDataApp.swift in Sources */,
				529C47B92B3B077A00DCDDEA /* PicList.HelperViews.swift in Sources */,
				5240422A2B08F66C006844D9 /* SkinCareCategory.swift in Sources */,
				523EC4B22B0B994F00F60639 /* Profile.Model.swift in Sources */,
				52A84A002B0619BC00E0E84A /* CategoryList.Builder.swift in Sources */,
				52A849FE2B0616AF00E0E84A /* CategoryList.swift in Sources */,
				529A059F2B398A19002FCF71 /* PicList.ServiceModels.swift in Sources */,
				52AB0E392B3587AB00C8FC2C /* PicList.Builder.swift in Sources */,
				524042282B08F658006844D9 /* SkinCare.swift in Sources */,
			);
			runOnlyForDeploymentPostprocessing = 0;
		};
		52F7847A2B04F60500DCF126 /* Sources */ = {
			isa = PBXSourcesBuildPhase;
			buildActionMask = 2147483647;
			files = (
				529C47BB2B3B08C700DCDDEA /* PicListTest.swift in Sources */,
				529C47BD2B3B094600DCDDEA /* PicListBuilderMock.swift in Sources */,
			);
			runOnlyForDeploymentPostprocessing = 0;
		};
		52F784842B04F60500DCF126 /* Sources */ = {
			isa = PBXSourcesBuildPhase;
			buildActionMask = 2147483647;
			files = (
				52F7848F2B04F60500DCF126 /* TestSwiftDataUITestsLaunchTests.swift in Sources */,
				52F7848D2B04F60500DCF126 /* TestSwiftDataUITests.swift in Sources */,
			);
			runOnlyForDeploymentPostprocessing = 0;
		};
/* End PBXSourcesBuildPhase section */

/* Begin PBXTargetDependency section */
		52F784802B04F60500DCF126 /* PBXTargetDependency */ = {
			isa = PBXTargetDependency;
			target = 52F7846D2B04F60400DCF126 /* TestSwiftData */;
			targetProxy = 52F7847F2B04F60500DCF126 /* PBXContainerItemProxy */;
		};
		52F7848A2B04F60500DCF126 /* PBXTargetDependency */ = {
			isa = PBXTargetDependency;
			target = 52F7846D2B04F60400DCF126 /* TestSwiftData */;
			targetProxy = 52F784892B04F60500DCF126 /* PBXContainerItemProxy */;
		};
/* End PBXTargetDependency section */

/* Begin XCBuildConfiguration section */
		52F784902B04F60500DCF126 /* Debug */ = {
			isa = XCBuildConfiguration;
			buildSettings = {
				ALWAYS_SEARCH_USER_PATHS = NO;
				ASSETCATALOG_COMPILER_GENERATE_SWIFT_ASSET_SYMBOL_EXTENSIONS = YES;
				CLANG_ANALYZER_NONNULL = YES;
				CLANG_ANALYZER_NUMBER_OBJECT_CONVERSION = YES_AGGRESSIVE;
				CLANG_CXX_LANGUAGE_STANDARD = "gnu++20";
				CLANG_ENABLE_MODULES = YES;
				CLANG_ENABLE_OBJC_ARC = YES;
				CLANG_ENABLE_OBJC_WEAK = YES;
				CLANG_WARN_BLOCK_CAPTURE_AUTORELEASING = YES;
				CLANG_WARN_BOOL_CONVERSION = YES;
				CLANG_WARN_COMMA = YES;
				CLANG_WARN_CONSTANT_CONVERSION = YES;
				CLANG_WARN_DEPRECATED_OBJC_IMPLEMENTATIONS = YES;
				CLANG_WARN_DIRECT_OBJC_ISA_USAGE = YES_ERROR;
				CLANG_WARN_DOCUMENTATION_COMMENTS = YES;
				CLANG_WARN_EMPTY_BODY = YES;
				CLANG_WARN_ENUM_CONVERSION = YES;
				CLANG_WARN_INFINITE_RECURSION = YES;
				CLANG_WARN_INT_CONVERSION = YES;
				CLANG_WARN_NON_LITERAL_NULL_CONVERSION = YES;
				CLANG_WARN_OBJC_IMPLICIT_RETAIN_SELF = YES;
				CLANG_WARN_OBJC_LITERAL_CONVERSION = YES;
				CLANG_WARN_OBJC_ROOT_CLASS = YES_ERROR;
				CLANG_WARN_QUOTED_INCLUDE_IN_FRAMEWORK_HEADER = YES;
				CLANG_WARN_RANGE_LOOP_ANALYSIS = YES;
				CLANG_WARN_STRICT_PROTOTYPES = YES;
				CLANG_WARN_SUSPICIOUS_MOVE = YES;
				CLANG_WARN_UNGUARDED_AVAILABILITY = YES_AGGRESSIVE;
				CLANG_WARN_UNREACHABLE_CODE = YES;
				CLANG_WARN__DUPLICATE_METHOD_MATCH = YES;
				COPY_PHASE_STRIP = NO;
				DEBUG_INFORMATION_FORMAT = dwarf;
				ENABLE_STRICT_OBJC_MSGSEND = YES;
				ENABLE_TESTABILITY = YES;
				ENABLE_USER_SCRIPT_SANDBOXING = YES;
				GCC_C_LANGUAGE_STANDARD = gnu17;
				GCC_DYNAMIC_NO_PIC = NO;
				GCC_NO_COMMON_BLOCKS = YES;
				GCC_OPTIMIZATION_LEVEL = 0;
				GCC_PREPROCESSOR_DEFINITIONS = (
					"DEBUG=1",
					"$(inherited)",
				);
				GCC_WARN_64_TO_32_BIT_CONVERSION = YES;
				GCC_WARN_ABOUT_RETURN_TYPE = YES_ERROR;
				GCC_WARN_UNDECLARED_SELECTOR = YES;
				GCC_WARN_UNINITIALIZED_AUTOS = YES_AGGRESSIVE;
				GCC_WARN_UNUSED_FUNCTION = YES;
				GCC_WARN_UNUSED_VARIABLE = YES;
				IPHONEOS_DEPLOYMENT_TARGET = 17.0;
				LOCALIZATION_PREFERS_STRING_CATALOGS = YES;
				MTL_ENABLE_DEBUG_INFO = INCLUDE_SOURCE;
				MTL_FAST_MATH = YES;
				ONLY_ACTIVE_ARCH = YES;
				SDKROOT = iphoneos;
				SWIFT_ACTIVE_COMPILATION_CONDITIONS = "DEBUG $(inherited)";
				SWIFT_OPTIMIZATION_LEVEL = "-Onone";
			};
			name = Debug;
		};
		52F784912B04F60500DCF126 /* Release */ = {
			isa = XCBuildConfiguration;
			buildSettings = {
				ALWAYS_SEARCH_USER_PATHS = NO;
				ASSETCATALOG_COMPILER_GENERATE_SWIFT_ASSET_SYMBOL_EXTENSIONS = YES;
				CLANG_ANALYZER_NONNULL = YES;
				CLANG_ANALYZER_NUMBER_OBJECT_CONVERSION = YES_AGGRESSIVE;
				CLANG_CXX_LANGUAGE_STANDARD = "gnu++20";
				CLANG_ENABLE_MODULES = YES;
				CLANG_ENABLE_OBJC_ARC = YES;
				CLANG_ENABLE_OBJC_WEAK = YES;
				CLANG_WARN_BLOCK_CAPTURE_AUTORELEASING = YES;
				CLANG_WARN_BOOL_CONVERSION = YES;
				CLANG_WARN_COMMA = YES;
				CLANG_WARN_CONSTANT_CONVERSION = YES;
				CLANG_WARN_DEPRECATED_OBJC_IMPLEMENTATIONS = YES;
				CLANG_WARN_DIRECT_OBJC_ISA_USAGE = YES_ERROR;
				CLANG_WARN_DOCUMENTATION_COMMENTS = YES;
				CLANG_WARN_EMPTY_BODY = YES;
				CLANG_WARN_ENUM_CONVERSION = YES;
				CLANG_WARN_INFINITE_RECURSION = YES;
				CLANG_WARN_INT_CONVERSION = YES;
				CLANG_WARN_NON_LITERAL_NULL_CONVERSION = YES;
				CLANG_WARN_OBJC_IMPLICIT_RETAIN_SELF = YES;
				CLANG_WARN_OBJC_LITERAL_CONVERSION = YES;
				CLANG_WARN_OBJC_ROOT_CLASS = YES_ERROR;
				CLANG_WARN_QUOTED_INCLUDE_IN_FRAMEWORK_HEADER = YES;
				CLANG_WARN_RANGE_LOOP_ANALYSIS = YES;
				CLANG_WARN_STRICT_PROTOTYPES = YES;
				CLANG_WARN_SUSPICIOUS_MOVE = YES;
				CLANG_WARN_UNGUARDED_AVAILABILITY = YES_AGGRESSIVE;
				CLANG_WARN_UNREACHABLE_CODE = YES;
				CLANG_WARN__DUPLICATE_METHOD_MATCH = YES;
				COPY_PHASE_STRIP = NO;
				DEBUG_INFORMATION_FORMAT = "dwarf-with-dsym";
				ENABLE_NS_ASSERTIONS = NO;
				ENABLE_STRICT_OBJC_MSGSEND = YES;
				ENABLE_USER_SCRIPT_SANDBOXING = YES;
				GCC_C_LANGUAGE_STANDARD = gnu17;
				GCC_NO_COMMON_BLOCKS = YES;
				GCC_WARN_64_TO_32_BIT_CONVERSION = YES;
				GCC_WARN_ABOUT_RETURN_TYPE = YES_ERROR;
				GCC_WARN_UNDECLARED_SELECTOR = YES;
				GCC_WARN_UNINITIALIZED_AUTOS = YES_AGGRESSIVE;
				GCC_WARN_UNUSED_FUNCTION = YES;
				GCC_WARN_UNUSED_VARIABLE = YES;
				IPHONEOS_DEPLOYMENT_TARGET = 17.0;
				LOCALIZATION_PREFERS_STRING_CATALOGS = YES;
				MTL_ENABLE_DEBUG_INFO = NO;
				MTL_FAST_MATH = YES;
				SDKROOT = iphoneos;
				SWIFT_COMPILATION_MODE = wholemodule;
				VALIDATE_PRODUCT = YES;
			};
			name = Release;
		};
		52F784932B04F60500DCF126 /* Debug */ = {
			isa = XCBuildConfiguration;
			buildSettings = {
				ASSETCATALOG_COMPILER_APPICON_NAME = AppIcon;
				ASSETCATALOG_COMPILER_GLOBAL_ACCENT_COLOR_NAME = AccentColor;
				CODE_SIGN_STYLE = Automatic;
				CURRENT_PROJECT_VERSION = 1;
				DEVELOPMENT_ASSET_PATHS = "\"TestSwiftData/Preview Content\"";
				DEVELOPMENT_TEAM = 9UWZXBVZMC;
				ENABLE_PREVIEWS = YES;
				GENERATE_INFOPLIST_FILE = YES;
				INFOPLIST_KEY_UIApplicationSceneManifest_Generation = YES;
				INFOPLIST_KEY_UIApplicationSupportsIndirectInputEvents = YES;
				INFOPLIST_KEY_UILaunchScreen_Generation = YES;
				INFOPLIST_KEY_UISupportedInterfaceOrientations_iPad = "UIInterfaceOrientationPortrait UIInterfaceOrientationPortraitUpsideDown UIInterfaceOrientationLandscapeLeft UIInterfaceOrientationLandscapeRight";
				INFOPLIST_KEY_UISupportedInterfaceOrientations_iPhone = "UIInterfaceOrientationPortrait UIInterfaceOrientationLandscapeLeft UIInterfaceOrientationLandscapeRight";
				LD_RUNPATH_SEARCH_PATHS = (
					"$(inherited)",
					"@executable_path/Frameworks",
				);
				MARKETING_VERSION = 1.0;
				PRODUCT_BUNDLE_IDENTIFIER = VIP.TestSwiftData;
				PRODUCT_NAME = "$(TARGET_NAME)";
				SWIFT_EMIT_LOC_STRINGS = YES;
				SWIFT_VERSION = 5.0;
				TARGETED_DEVICE_FAMILY = "1,2";
			};
			name = Debug;
		};
		52F784942B04F60500DCF126 /* Release */ = {
			isa = XCBuildConfiguration;
			buildSettings = {
				ASSETCATALOG_COMPILER_APPICON_NAME = AppIcon;
				ASSETCATALOG_COMPILER_GLOBAL_ACCENT_COLOR_NAME = AccentColor;
				CODE_SIGN_STYLE = Automatic;
				CURRENT_PROJECT_VERSION = 1;
				DEVELOPMENT_ASSET_PATHS = "\"TestSwiftData/Preview Content\"";
				DEVELOPMENT_TEAM = 9UWZXBVZMC;
				ENABLE_PREVIEWS = YES;
				GENERATE_INFOPLIST_FILE = YES;
				INFOPLIST_KEY_UIApplicationSceneManifest_Generation = YES;
				INFOPLIST_KEY_UIApplicationSupportsIndirectInputEvents = YES;
				INFOPLIST_KEY_UILaunchScreen_Generation = YES;
				INFOPLIST_KEY_UISupportedInterfaceOrientations_iPad = "UIInterfaceOrientationPortrait UIInterfaceOrientationPortraitUpsideDown UIInterfaceOrientationLandscapeLeft UIInterfaceOrientationLandscapeRight";
				INFOPLIST_KEY_UISupportedInterfaceOrientations_iPhone = "UIInterfaceOrientationPortrait UIInterfaceOrientationLandscapeLeft UIInterfaceOrientationLandscapeRight";
				LD_RUNPATH_SEARCH_PATHS = (
					"$(inherited)",
					"@executable_path/Frameworks",
				);
				MARKETING_VERSION = 1.0;
				PRODUCT_BUNDLE_IDENTIFIER = VIP.TestSwiftData;
				PRODUCT_NAME = "$(TARGET_NAME)";
				SWIFT_EMIT_LOC_STRINGS = YES;
				SWIFT_VERSION = 5.0;
				TARGETED_DEVICE_FAMILY = "1,2";
			};
			name = Release;
		};
		52F784962B04F60500DCF126 /* Debug */ = {
			isa = XCBuildConfiguration;
			buildSettings = {
				ALWAYS_EMBED_SWIFT_STANDARD_LIBRARIES = YES;
				BUNDLE_LOADER = "$(TEST_HOST)";
				CODE_SIGN_STYLE = Automatic;
				CURRENT_PROJECT_VERSION = 1;
				DEVELOPMENT_TEAM = 9UWZXBVZMC;
				GENERATE_INFOPLIST_FILE = YES;
				IPHONEOS_DEPLOYMENT_TARGET = 17.0;
				MARKETING_VERSION = 1.0;
				PRODUCT_BUNDLE_IDENTIFIER = VIP.TestSwiftDataTests;
				PRODUCT_NAME = "$(TARGET_NAME)";
				SWIFT_EMIT_LOC_STRINGS = NO;
				SWIFT_VERSION = 5.0;
				TARGETED_DEVICE_FAMILY = "1,2";
				TEST_HOST = "$(BUILT_PRODUCTS_DIR)/TestSwiftData.app/$(BUNDLE_EXECUTABLE_FOLDER_PATH)/TestSwiftData";
			};
			name = Debug;
		};
		52F784972B04F60500DCF126 /* Release */ = {
			isa = XCBuildConfiguration;
			buildSettings = {
				ALWAYS_EMBED_SWIFT_STANDARD_LIBRARIES = YES;
				BUNDLE_LOADER = "$(TEST_HOST)";
				CODE_SIGN_STYLE = Automatic;
				CURRENT_PROJECT_VERSION = 1;
				DEVELOPMENT_TEAM = 9UWZXBVZMC;
				GENERATE_INFOPLIST_FILE = YES;
				IPHONEOS_DEPLOYMENT_TARGET = 17.0;
				MARKETING_VERSION = 1.0;
				PRODUCT_BUNDLE_IDENTIFIER = VIP.TestSwiftDataTests;
				PRODUCT_NAME = "$(TARGET_NAME)";
				SWIFT_EMIT_LOC_STRINGS = NO;
				SWIFT_VERSION = 5.0;
				TARGETED_DEVICE_FAMILY = "1,2";
				TEST_HOST = "$(BUILT_PRODUCTS_DIR)/TestSwiftData.app/$(BUNDLE_EXECUTABLE_FOLDER_PATH)/TestSwiftData";
			};
			name = Release;
		};
		52F784992B04F60500DCF126 /* Debug */ = {
			isa = XCBuildConfiguration;
			buildSettings = {
				ALWAYS_EMBED_SWIFT_STANDARD_LIBRARIES = YES;
				CODE_SIGN_STYLE = Automatic;
				CURRENT_PROJECT_VERSION = 1;
				DEVELOPMENT_TEAM = 9UWZXBVZMC;
				GENERATE_INFOPLIST_FILE = YES;
				MARKETING_VERSION = 1.0;
				PRODUCT_BUNDLE_IDENTIFIER = VIP.TestSwiftDataUITests;
				PRODUCT_NAME = "$(TARGET_NAME)";
				SWIFT_EMIT_LOC_STRINGS = NO;
				SWIFT_VERSION = 5.0;
				TARGETED_DEVICE_FAMILY = "1,2";
				TEST_TARGET_NAME = TestSwiftData;
			};
			name = Debug;
		};
		52F7849A2B04F60500DCF126 /* Release */ = {
			isa = XCBuildConfiguration;
			buildSettings = {
				ALWAYS_EMBED_SWIFT_STANDARD_LIBRARIES = YES;
				CODE_SIGN_STYLE = Automatic;
				CURRENT_PROJECT_VERSION = 1;
				DEVELOPMENT_TEAM = 9UWZXBVZMC;
				GENERATE_INFOPLIST_FILE = YES;
				MARKETING_VERSION = 1.0;
				PRODUCT_BUNDLE_IDENTIFIER = VIP.TestSwiftDataUITests;
				PRODUCT_NAME = "$(TARGET_NAME)";
				SWIFT_EMIT_LOC_STRINGS = NO;
				SWIFT_VERSION = 5.0;
				TARGETED_DEVICE_FAMILY = "1,2";
				TEST_TARGET_NAME = TestSwiftData;
			};
			name = Release;
		};
/* End XCBuildConfiguration section */

/* Begin XCConfigurationList section */
		52F784692B04F60400DCF126 /* Build configuration list for PBXProject "TestSwiftData" */ = {
			isa = XCConfigurationList;
			buildConfigurations = (
				52F784902B04F60500DCF126 /* Debug */,
				52F784912B04F60500DCF126 /* Release */,
			);
			defaultConfigurationIsVisible = 0;
			defaultConfigurationName = Release;
		};
		52F784922B04F60500DCF126 /* Build configuration list for PBXNativeTarget "TestSwiftData" */ = {
			isa = XCConfigurationList;
			buildConfigurations = (
				52F784932B04F60500DCF126 /* Debug */,
				52F784942B04F60500DCF126 /* Release */,
			);
			defaultConfigurationIsVisible = 0;
			defaultConfigurationName = Release;
		};
		52F784952B04F60500DCF126 /* Build configuration list for PBXNativeTarget "TestSwiftDataTests" */ = {
			isa = XCConfigurationList;
			buildConfigurations = (
				52F784962B04F60500DCF126 /* Debug */,
				52F784972B04F60500DCF126 /* Release */,
			);
			defaultConfigurationIsVisible = 0;
			defaultConfigurationName = Release;
		};
		52F784982B04F60500DCF126 /* Build configuration list for PBXNativeTarget "TestSwiftDataUITests" */ = {
			isa = XCConfigurationList;
			buildConfigurations = (
				52F784992B04F60500DCF126 /* Debug */,
				52F7849A2B04F60500DCF126 /* Release */,
			);
			defaultConfigurationIsVisible = 0;
			defaultConfigurationName = Release;
		};
/* End XCConfigurationList section */

/* Begin XCSwiftPackageProductDependency section */
		52A84A0E2B065C2600E0E84A /* Components */ = {
			isa = XCSwiftPackageProductDependency;
			productName = Components;
		};
		52A84A102B065C2800E0E84A /* NetworkLayer */ = {
			isa = XCSwiftPackageProductDependency;
			productName = NetworkLayer;
		};
/* End XCSwiftPackageProductDependency section */
	};
	rootObject = 52F784662B04F60400DCF126 /* Project object */;
}
